
Microsoft Visual Studio Solution File, Format Version 12.00
# Visual Studio Version 17
VisualStudioVersion = 17.11.35312.102
MinimumVisualStudioVersion = 10.0.40219.1
Project("{9A19103F-16F7-4668-BE54-9A1E7A4F7556}") = "Zadanie", "Zadanie\Zadanie.csproj", "{515D55C4-F5D2-411A-941A-F0493DBD7829}"
EndProject
Project("{9A19103F-16F7-4668-BE54-9A1E7A4F7556}") = "TestProject", "TestProject\TestProject.csproj", "{540D06CA-D35E-445D-9B2A-9D1AEF1DD357}"
EndProject
Global
	GlobalSection(SolutionConfigurationPlatforms) = preSolution
		Debug|Any CPU = Debug|Any CPU
		Release|Any CPU = Release|Any CPU
	EndGlobalSection
	GlobalSection(ProjectConfigurationPlatforms) = postSolution
		{515D55C4-F5D2-411A-941A-F0493DBD7829}.Debug|Any CPU.ActiveCfg = Debug|Any CPU
		{515D55C4-F5D2-411A-941A-F0493DBD7829}.Debug|Any CPU.Build.0 = Debug|Any CPU
		{515D55C4-F5D2-411A-941A-F0493DBD7829}.Release|Any CPU.ActiveCfg = Release|Any CPU
		{515D55C4-F5D2-411A-941A-F0493DBD7829}.Release|Any CPU.Build.0 = Release|Any CPU
		{540D06CA-D35E-445D-9B2A-9D1AEF1DD357}.Debug|Any CPU.ActiveCfg = Debug|Any CPU
		{540D06CA-D35E-445D-9B2A-9D1AEF1DD357}.Debug|Any CPU.Build.0 = Debug|Any CPU
		{540D06CA-D35E-445D-9B2A-9D1AEF1DD357}.Release|Any CPU.ActiveCfg = Release|Any CPU
		{540D06CA-D35E-445D-9B2A-9D1AEF1DD357}.Release|Any CPU.Build.0 = Release|Any CPU
	EndGlobalSection
	GlobalSection(SolutionProperties) = preSolution
		HideSolutionNode = FALSE
	EndGlobalSection
	GlobalSection(ExtensibilityGlobals) = postSolution
		SolutionGuid = {1E635A4C-DD3E-4204-A8AB-4F3283EC4E06}
	EndGlobalSection
EndGlobal
